
Microsoft Visual Studio Solution File, Format Version 12.00
# Visual Studio 15
VisualStudioVersion = 15.0.27428.2037
MinimumVisualStudioVersion = 10.0.40219.1
Project("{FAE04EC0-301F-11D3-BF4B-00C04F79EFBC}") = "ChalkBoard", "ChalkBoard\ChalkBoard.csproj", "{FAA65492-9943-492B-A1E4-BCE609CEB5FD}"
EndProject
Global
	GlobalSection(SolutionConfigurationPlatforms) = preSolution
		Debug|Any CPU = Debug|Any CPU
		Release|Any CPU = Release|Any CPU
	EndGlobalSection
	GlobalSection(ProjectConfigurationPlatforms) = postSolution
		{FAA65492-9943-492B-A1E4-BCE609CEB5FD}.Debug|Any CPU.ActiveCfg = Debug|Any CPU
		{FAA65492-9943-492B-A1E4-BCE609CEB5FD}.Debug|Any CPU.Build.0 = Debug|Any CPU
		{FAA65492-9943-492B-A1E4-BCE609CEB5FD}.Release|Any CPU.ActiveCfg = Release|Any CPU
		{FAA65492-9943-492B-A1E4-BCE609CEB5FD}.Release|Any CPU.Build.0 = Release|Any CPU
	EndGlobalSection
	GlobalSection(SolutionProperties) = preSolution
		HideSolutionNode = FALSE
	EndGlobalSection
	GlobalSection(ExtensibilityGlobals) = postSolution
		SolutionGuid = {C4E1E570-3ED7-4917-91C4-540AB0888B66}
	EndGlobalSection
EndGlobal
